
Microsoft Visual Studio Solution File, Format Version 12.00
# Visual Studio Version 17
VisualStudioVersion = 17.4.33205.214
MinimumVisualStudioVersion = 10.0.40219.1
Project("{2150E333-8FDC-42A3-9474-1A3956D46DE8}") = "Services", "Services", "{CEE11132-7C67-4A85-97AD-1A6FDBA87C49}"
EndProject
Project("{9A19103F-16F7-4668-BE54-9A1E7A4F7556}") = "ProductService", "Services\ProductService\ProductService.csproj", "{27D147ED-B354-43BD-94EB-620D426D8516}"
EndProject
Project("{2150E333-8FDC-42A3-9474-1A3956D46DE8}") = "Shared", "Shared", "{96777BC7-141B-4D7A-8CAB-E8D2DB0D4BC7}"
EndProject
Project("{9A19103F-16F7-4668-BE54-9A1E7A4F7556}") = "SharedLibrary", "Shared\SharedLibrary\SharedLibrary.csproj", "{B01FF08F-0651-46FD-9467-DEF4B299F93B}"
EndProject
Project("{9A19103F-16F7-4668-BE54-9A1E7A4F7556}") = "UserService", "Services\UserService\UserService.csproj", "{C28524F3-879C-4F7B-A016-7B3CFC92485C}"
EndProject
Global
	GlobalSection(SolutionConfigurationPlatforms) = preSolution
		Debug|Any CPU = Debug|Any CPU
		Release|Any CPU = Release|Any CPU
	EndGlobalSection
	GlobalSection(ProjectConfigurationPlatforms) = postSolution
		{27D147ED-B354-43BD-94EB-620D426D8516}.Debug|Any CPU.ActiveCfg = Debug|Any CPU
		{27D147ED-B354-43BD-94EB-620D426D8516}.Debug|Any CPU.Build.0 = Debug|Any CPU
		{27D147ED-B354-43BD-94EB-620D426D8516}.Release|Any CPU.ActiveCfg = Release|Any CPU
		{27D147ED-B354-43BD-94EB-620D426D8516}.Release|Any CPU.Build.0 = Release|Any CPU
		{B01FF08F-0651-46FD-9467-DEF4B299F93B}.Debug|Any CPU.ActiveCfg = Debug|Any CPU
		{B01FF08F-0651-46FD-9467-DEF4B299F93B}.Debug|Any CPU.Build.0 = Debug|Any CPU
		{B01FF08F-0651-46FD-9467-DEF4B299F93B}.Release|Any CPU.ActiveCfg = Release|Any CPU
		{B01FF08F-0651-46FD-9467-DEF4B299F93B}.Release|Any CPU.Build.0 = Release|Any CPU
		{C28524F3-879C-4F7B-A016-7B3CFC92485C}.Debug|Any CPU.ActiveCfg = Debug|Any CPU
		{C28524F3-879C-4F7B-A016-7B3CFC92485C}.Debug|Any CPU.Build.0 = Debug|Any CPU
		{C28524F3-879C-4F7B-A016-7B3CFC92485C}.Release|Any CPU.ActiveCfg = Release|Any CPU
		{C28524F3-879C-4F7B-A016-7B3CFC92485C}.Release|Any CPU.Build.0 = Release|Any CPU
	EndGlobalSection
	GlobalSection(SolutionProperties) = preSolution
		HideSolutionNode = FALSE
	EndGlobalSection
	GlobalSection(NestedProjects) = preSolution
		{27D147ED-B354-43BD-94EB-620D426D8516} = {CEE11132-7C67-4A85-97AD-1A6FDBA87C49}
		{B01FF08F-0651-46FD-9467-DEF4B299F93B} = {96777BC7-141B-4D7A-8CAB-E8D2DB0D4BC7}
		{C28524F3-879C-4F7B-A016-7B3CFC92485C} = {CEE11132-7C67-4A85-97AD-1A6FDBA87C49}
	EndGlobalSection
	GlobalSection(ExtensibilityGlobals) = postSolution
		SolutionGuid = {74D0FBF3-C0D1-440D-9202-2A7540C20402}
	EndGlobalSection
EndGlobal
